{
  "name": "scittle-kitchen",
  "version": "0.8.32-81",
  "lockfileVersion": 2,
  "requires": true,
  "packages": {
    "": {
      "name": "scittle-kitchen",
      "version": "0.8.32-81",
      "license": "EPL-1.0",
      "dependencies": {
        "odex": "^3.0.0-rc.4"
      }
    },
    "node_modules/odex": {
      "version": "3.0.0-rc.4",
      "resolved": "https://registry.npmjs.org/odex/-/odex-3.0.0-rc.4.tgz",
      "integrity": "sha512-NPpR3eFHUJWQWYT9VParetnYF2bVe1p9iel1PHk2PLGgOdfXd7tr67XJi6x6fVzDmoKnUv1e9AtRtdwLxg2Z2Q=="
    }
  },
  "dependencies": {
    "odex": {
      "version": "3.0.0-rc.4",
      "resolved": "https://registry.npmjs.org/odex/-/odex-3.0.0-rc.4.tgz",
      "integrity": "sha512-NPpR3eFHUJWQWYT9VParetnYF2bVe1p9iel1PHk2PLGgOdfXd7tr67XJi6x6fVzDmoKnUv1e9AtRtdwLxg2Z2Q=="
    }
  }
}
